{
  "name": "pdf-generator-with-onlyoffice-docbuilder",
  "lockfileVersion": 3,
  "requires": true,
  "packages": {
    "": {
      "dependencies": {
        "async": "^3.2.5",
        "papaparse": "^5.4.1"
      }
    },
    "node_modules/async": {
      "version": "3.2.5",
      "resolved": "https://registry.npmjs.org/async/-/async-3.2.5.tgz",
      "integrity": "sha512-baNZyqaaLhyLVKm/DlvdW051MSgO6b8eVfIezl9E5PqWxFgzLm/wQntEW4zOytVburDEr0JlALEpdOFwvErLsg=="
    },
    "node_modules/papaparse": {
      "version": "5.4.1",
      "resolved": "https://registry.npmjs.org/papaparse/-/papaparse-5.4.1.tgz",
      "integrity": "sha512-HipMsgJkZu8br23pW15uvo6sib6wne/4woLZPlFf3rpDyMe9ywEXUsuD7+6K9PRkJlVT51j/sCOYDKGGS3ZJrw=="
    }
  }
}
